
Microsoft Visual Studio Solution File, Format Version 12.00
# Visual Studio Version 17
VisualStudioVersion = 17.13.35931.197 d17.13
MinimumVisualStudioVersion = 10.0.40219.1
Project("{FAE04EC0-301F-11D3-BF4B-00C04F79EFBC}") = "PRN212_Project", "PRN212_Project.csproj", "{A224E212-4967-4B1B-BA17-592AAB813F8D}"
EndProject
Global
	GlobalSection(SolutionConfigurationPlatforms) = preSolution
		Debug|Any CPU = Debug|Any CPU
		Release|Any CPU = Release|Any CPU
	EndGlobalSection
	GlobalSection(ProjectConfigurationPlatforms) = postSolution
		{A224E212-4967-4B1B-BA17-592AAB813F8D}.Debug|Any CPU.ActiveCfg = Debug|Any CPU
		{A224E212-4967-4B1B-BA17-592AAB813F8D}.Debug|Any CPU.Build.0 = Debug|Any CPU
		{A224E212-4967-4B1B-BA17-592AAB813F8D}.Release|Any CPU.ActiveCfg = Release|Any CPU
		{A224E212-4967-4B1B-BA17-592AAB813F8D}.Release|Any CPU.Build.0 = Release|Any CPU
	EndGlobalSection
	GlobalSection(SolutionProperties) = preSolution
		HideSolutionNode = FALSE
	EndGlobalSection
	GlobalSection(ExtensibilityGlobals) = postSolution
		SolutionGuid = {C397F0AA-FFF6-426F-B86E-F36E246AF02B}
	EndGlobalSection
EndGlobal
